// !$*UTF8*$!
{
	archiveVersion = 1;
	classes = {
	};
	objectVersion = 50;
	objects = {

/* Begin PBXBuildFile section */
		4E33314F2712DF6A00891D8A /* FeatureA.framework in Frameworks */ = {isa = PBXBuildFile; fileRef = 4E3331452712DF6A00891D8A /* FeatureA.framework */; };
		4E3331542712DF6A00891D8A /* FeatureATests.swift in Sources */ = {isa = PBXBuildFile; fileRef = 4E3331532712DF6A00891D8A /* FeatureATests.swift */; };
		4E3331562712DF6A00891D8A /* FeatureA.h in Headers */ = {isa = PBXBuildFile; fileRef = 4E3331482712DF6A00891D8A /* FeatureA.h */; settings = {ATTRIBUTES = (Public, ); }; };
		4E33316F2712EFC000891D8A /* FeatureA.storyboard in Resources */ = {isa = PBXBuildFile; fileRef = 4E33316E2712EFC000891D8A /* FeatureA.storyboard */; };
		4E3331712712EFE400891D8A /* ProductViewController.swift in Sources */ = {isa = PBXBuildFile; fileRef = 4E3331702712EFE400891D8A /* ProductViewController.swift */; };
		4E3331792712F1E800891D8A /* FeatureACoordinator.swift in Sources */ = {isa = PBXBuildFile; fileRef = 4E3331782712F1E800891D8A /* FeatureACoordinator.swift */; };
		4E3331812712F3E200891D8A /* Core.framework in Frameworks */ = {isa = PBXBuildFile; fileRef = 4E3331802712F3E200891D8A /* Core.framework */; };
		4E33318D2712FF6400891D8A /* ProductListDeeplinkProcessor.swift in Sources */ = {isa = PBXBuildFile; fileRef = 4E33318C2712FF6400891D8A /* ProductListDeeplinkProcessor.swift */; };
		4E33319E27134B3800891D8A /* ProductDetailDeeplinkProcessor.swift in Sources */ = {isa = PBXBuildFile; fileRef = 4E33319D27134B3800891D8A /* ProductDetailDeeplinkProcessor.swift */; };
		B88E408716358720DDEEFED4 /* Pods_FeatureA.framework in Frameworks */ = {isa = PBXBuildFile; fileRef = 7E7FD7A2F4324E85D71D1044 /* Pods_FeatureA.framework */; };
/* End PBXBuildFile section */

/* Begin PBXContainerItemProxy section */
		4E3331502712DF6A00891D8A /* PBXContainerItemProxy */ = {
			isa = PBXContainerItemProxy;
			containerPortal = 4E33313C2712DF6A00891D8A /* Project object */;
			proxyType = 1;
			remoteGlobalIDString = 4E3331442712DF6A00891D8A;
			remoteInfo = FeatureA;
		};
/* End PBXContainerItemProxy section */

/* Begin PBXFileReference section */
		4E3331452712DF6A00891D8A /* FeatureA.framework */ = {isa = PBXFileReference; explicitFileType = wrapper.framework; includeInIndex = 0; path = FeatureA.framework; sourceTree = BUILT_PRODUCTS_DIR; };
		4E3331482712DF6A00891D8A /* FeatureA.h */ = {isa = PBXFileReference; lastKnownFileType = sourcecode.c.h; path = FeatureA.h; sourceTree = "<group>"; };
		4E3331492712DF6A00891D8A /* Info.plist */ = {isa = PBXFileReference; lastKnownFileType = text.plist.xml; path = Info.plist; sourceTree = "<group>"; };
		4E33314E2712DF6A00891D8A /* FeatureATests.xctest */ = {isa = PBXFileReference; explicitFileType = wrapper.cfbundle; includeInIndex = 0; path = FeatureATests.xctest; sourceTree = BUILT_PRODUCTS_DIR; };
		4E3331532712DF6A00891D8A /* FeatureATests.swift */ = {isa = PBXFileReference; lastKnownFileType = sourcecode.swift; path = FeatureATests.swift; sourceTree = "<group>"; };
		4E3331552712DF6A00891D8A /* Info.plist */ = {isa = PBXFileReference; lastKnownFileType = text.plist.xml; path = Info.plist; sourceTree = "<group>"; };
		4E33316E2712EFC000891D8A /* FeatureA.storyboard */ = {isa = PBXFileReference; lastKnownFileType = file.storyboard; path = FeatureA.storyboard; sourceTree = "<group>"; };
		4E3331702712EFE400891D8A /* ProductViewController.swift */ = {isa = PBXFileReference; lastKnownFileType = sourcecode.swift; path = ProductViewController.swift; sourceTree = "<group>"; };
		4E3331782712F1E800891D8A /* FeatureACoordinator.swift */ = {isa = PBXFileReference; lastKnownFileType = sourcecode.swift; path = FeatureACoordinator.swift; sourceTree = "<group>"; };
		4E3331802712F3E200891D8A /* Core.framework */ = {isa = PBXFileReference; explicitFileType = wrapper.framework; path = Core.framework; sourceTree = BUILT_PRODUCTS_DIR; };
		4E33318C2712FF6400891D8A /* ProductListDeeplinkProcessor.swift */ = {isa = PBXFileReference; lastKnownFileType = sourcecode.swift; path = ProductListDeeplinkProcessor.swift; sourceTree = "<group>"; };
		4E33319D27134B3800891D8A /* ProductDetailDeeplinkProcessor.swift */ = {isa = PBXFileReference; lastKnownFileType = sourcecode.swift; path = ProductDetailDeeplinkProcessor.swift; sourceTree = "<group>"; };
		7E7FD7A2F4324E85D71D1044 /* Pods_FeatureA.framework */ = {isa = PBXFileReference; explicitFileType = wrapper.framework; includeInIndex = 0; path = Pods_FeatureA.framework; sourceTree = BUILT_PRODUCTS_DIR; };
		8262000443FD0938AA959FFB /* Pods-FeatureA.debug.xcconfig */ = {isa = PBXFileReference; includeInIndex = 1; lastKnownFileType = text.xcconfig; name = "Pods-FeatureA.debug.xcconfig"; path = "Target Support Files/Pods-FeatureA/Pods-FeatureA.debug.xcconfig"; sourceTree = "<group>"; };
		F43D4599C330EF9DD36EC60C /* Pods-FeatureA.release.xcconfig */ = {isa = PBXFileReference; includeInIndex = 1; lastKnownFileType = text.xcconfig; name = "Pods-FeatureA.release.xcconfig"; path = "Target Support Files/Pods-FeatureA/Pods-FeatureA.release.xcconfig"; sourceTree = "<group>"; };
/* End PBXFileReference section */

/* Begin PBXFrameworksBuildPhase section */
		4E3331422712DF6A00891D8A /* Frameworks */ = {
			isa = PBXFrameworksBuildPhase;
			buildActionMask = 2147483647;
			files = (
				4E3331812712F3E200891D8A /* Core.framework in Frameworks */,
				B88E408716358720DDEEFED4 /* Pods_FeatureA.framework in Frameworks */,
			);
			runOnlyForDeploymentPostprocessing = 0;
		};
		4E33314B2712DF6A00891D8A /* Frameworks */ = {
			isa = PBXFrameworksBuildPhase;
			buildActionMask = 2147483647;
			files = (
				4E33314F2712DF6A00891D8A /* FeatureA.framework in Frameworks */,
			);
			runOnlyForDeploymentPostprocessing = 0;
		};
/* End PBXFrameworksBuildPhase section */

/* Begin PBXGroup section */
		4E33313B2712DF6A00891D8A = {
			isa = PBXGroup;
			children = (
				4E3331472712DF6A00891D8A /* FeatureA */,
				4E3331522712DF6A00891D8A /* FeatureATests */,
				4E3331462712DF6A00891D8A /* Products */,
				4E33317F2712F3E200891D8A /* Frameworks */,
				CFC21879B85AB62ADF921148 /* Pods */,
			);
			sourceTree = "<group>";
		};
		4E3331462712DF6A00891D8A /* Products */ = {
			isa = PBXGroup;
			children = (
				4E3331452712DF6A00891D8A /* FeatureA.framework */,
				4E33314E2712DF6A00891D8A /* FeatureATests.xctest */,
			);
			name = Products;
			sourceTree = "<group>";
		};
		4E3331472712DF6A00891D8A /* FeatureA */ = {
			isa = PBXGroup;
			children = (
				4E3331702712EFE400891D8A /* ProductViewController.swift */,
				4E3331752712F17200891D8A /* Coordinator */,
				4E33318B2712FCC400891D8A /* Deeplink */,
				4E3331742712F15E00891D8A /* Resources */,
			);
			path = FeatureA;
			sourceTree = "<group>";
		};
		4E3331522712DF6A00891D8A /* FeatureATests */ = {
			isa = PBXGroup;
			children = (
				4E3331532712DF6A00891D8A /* FeatureATests.swift */,
				4E3331552712DF6A00891D8A /* Info.plist */,
			);
			path = FeatureATests;
			sourceTree = "<group>";
		};
		4E3331742712F15E00891D8A /* Resources */ = {
			isa = PBXGroup;
			children = (
				4E3331482712DF6A00891D8A /* FeatureA.h */,
				4E3331492712DF6A00891D8A /* Info.plist */,
				4E33316E2712EFC000891D8A /* FeatureA.storyboard */,
			);
			path = Resources;
			sourceTree = "<group>";
		};
		4E3331752712F17200891D8A /* Coordinator */ = {
			isa = PBXGroup;
			children = (
				4E3331782712F1E800891D8A /* FeatureACoordinator.swift */,
			);
			path = Coordinator;
			sourceTree = "<group>";
		};
		4E33317F2712F3E200891D8A /* Frameworks */ = {
			isa = PBXGroup;
			children = (
				4E3331802712F3E200891D8A /* Core.framework */,
				7E7FD7A2F4324E85D71D1044 /* Pods_FeatureA.framework */,
			);
			name = Frameworks;
			sourceTree = "<group>";
		};
		4E33318B2712FCC400891D8A /* Deeplink */ = {
			isa = PBXGroup;
			children = (
				4E33318C2712FF6400891D8A /* ProductListDeeplinkProcessor.swift */,
				4E33319D27134B3800891D8A /* ProductDetailDeeplinkProcessor.swift */,
			);
			path = Deeplink;
			sourceTree = "<group>";
		};
		CFC21879B85AB62ADF921148 /* Pods */ = {
			isa = PBXGroup;
			children = (
				8262000443FD0938AA959FFB /* Pods-FeatureA.debug.xcconfig */,
				F43D4599C330EF9DD36EC60C /* Pods-FeatureA.release.xcconfig */,
			);
			name = Pods;
			path = ../Pods;
			sourceTree = "<group>";
		};
/* End PBXGroup section */

/* Begin PBXHeadersBuildPhase section */
		4E3331402712DF6A00891D8A /* Headers */ = {
			isa = PBXHeadersBuildPhase;
			buildActionMask = 2147483647;
			files = (
				4E3331562712DF6A00891D8A /* FeatureA.h in Headers */,
			);
			runOnlyForDeploymentPostprocessing = 0;
		};
/* End PBXHeadersBuildPhase section */

/* Begin PBXNativeTarget section */
		4E3331442712DF6A00891D8A /* FeatureA */ = {
			isa = PBXNativeTarget;
			buildConfigurationList = 4E3331592712DF6A00891D8A /* Build configuration list for PBXNativeTarget "FeatureA" */;
			buildPhases = (
				9FF2D4DA513594B359D368BB /* [CP] Check Pods Manifest.lock */,
				4E3331402712DF6A00891D8A /* Headers */,
				4E3331412712DF6A00891D8A /* Sources */,
				4E3331422712DF6A00891D8A /* Frameworks */,
				4E3331432712DF6A00891D8A /* Resources */,
			);
			buildRules = (
			);
			dependencies = (
			);
			name = FeatureA;
			productName = FeatureA;
			productReference = 4E3331452712DF6A00891D8A /* FeatureA.framework */;
			productType = "com.apple.product-type.framework";
		};
		4E33314D2712DF6A00891D8A /* FeatureATests */ = {
			isa = PBXNativeTarget;
			buildConfigurationList = 4E33315C2712DF6A00891D8A /* Build configuration list for PBXNativeTarget "FeatureATests" */;
			buildPhases = (
				4E33314A2712DF6A00891D8A /* Sources */,
				4E33314B2712DF6A00891D8A /* Frameworks */,
				4E33314C2712DF6A00891D8A /* Resources */,
			);
			buildRules = (
			);
			dependencies = (
				4E3331512712DF6A00891D8A /* PBXTargetDependency */,
			);
			name = FeatureATests;
			productName = FeatureATests;
			productReference = 4E33314E2712DF6A00891D8A /* FeatureATests.xctest */;
			productType = "com.apple.product-type.bundle.unit-test";
		};
/* End PBXNativeTarget section */

/* Begin PBXProject section */
		4E33313C2712DF6A00891D8A /* Project object */ = {
			isa = PBXProject;
			attributes = {
				LastSwiftUpdateCheck = 1250;
				LastUpgradeCheck = 1250;
				TargetAttributes = {
					4E3331442712DF6A00891D8A = {
						CreatedOnToolsVersion = 12.5.1;
						LastSwiftMigration = 1250;
					};
					4E33314D2712DF6A00891D8A = {
						CreatedOnToolsVersion = 12.5.1;
					};
				};
			};
			buildConfigurationList = 4E33313F2712DF6A00891D8A /* Build configuration list for PBXProject "FeatureA" */;
			compatibilityVersion = "Xcode 9.3";
			developmentRegion = en;
			hasScannedForEncodings = 0;
			knownRegions = (
				en,
				Base,
			);
			mainGroup = 4E33313B2712DF6A00891D8A;
			productRefGroup = 4E3331462712DF6A00891D8A /* Products */;
			projectDirPath = "";
			projectRoot = "";
			targets = (
				4E3331442712DF6A00891D8A /* FeatureA */,
				4E33314D2712DF6A00891D8A /* FeatureATests */,
			);
		};
/* End PBXProject section */

/* Begin PBXResourcesBuildPhase section */
		4E3331432712DF6A00891D8A /* Resources */ = {
			isa = PBXResourcesBuildPhase;
			buildActionMask = 2147483647;
			files = (
				4E33316F2712EFC000891D8A /* FeatureA.storyboard in Resources */,
			);
			runOnlyForDeploymentPostprocessing = 0;
		};
		4E33314C2712DF6A00891D8A /* Resources */ = {
			isa = PBXResourcesBuildPhase;
			buildActionMask = 2147483647;
			files = (
			);
			runOnlyForDeploymentPostprocessing = 0;
		};
/* End PBXResourcesBuildPhase section */

/* Begin PBXShellScriptBuildPhase section */
		9FF2D4DA513594B359D368BB /* [CP] Check Pods Manifest.lock */ = {
			isa = PBXShellScriptBuildPhase;
			buildActionMask = 2147483647;
			files = (
			);
			inputFileListPaths = (
			);
			inputPaths = (
				"${PODS_PODFILE_DIR_PATH}/Podfile.lock",
				"${PODS_ROOT}/Manifest.lock",
			);
			name = "[CP] Check Pods Manifest.lock";
			outputFileListPaths = (
			);
			outputPaths = (
				"$(DERIVED_FILE_DIR)/Pods-FeatureA-checkManifestLockResult.txt",
			);
			runOnlyForDeploymentPostprocessing = 0;
			shellPath = /bin/sh;
			shellScript = "diff \"${PODS_PODFILE_DIR_PATH}/Podfile.lock\" \"${PODS_ROOT}/Manifest.lock\" > /dev/null\nif [ $? != 0 ] ; then\n    # print error to STDERR\n    echo \"error: The sandbox is not in sync with the Podfile.lock. Run 'pod install' or update your CocoaPods installation.\" >&2\n    exit 1\nfi\n# This output is used by Xcode 'outputs' to avoid re-running this script phase.\necho \"SUCCESS\" > \"${SCRIPT_OUTPUT_FILE_0}\"\n";
			showEnvVarsInLog = 0;
		};
/* End PBXShellScriptBuildPhase section */

/* Begin PBXSourcesBuildPhase section */
		4E3331412712DF6A00891D8A /* Sources */ = {
			isa = PBXSourcesBuildPhase;
			buildActionMask = 2147483647;
			files = (
				4E3331792712F1E800891D8A /* FeatureACoordinator.swift in Sources */,
				4E33318D2712FF6400891D8A /* ProductListDeeplinkProcessor.swift in Sources */,
				4E3331712712EFE400891D8A /* ProductViewController.swift in Sources */,
				4E33319E27134B3800891D8A /* ProductDetailDeeplinkProcessor.swift in Sources */,
			);
			runOnlyForDeploymentPostprocessing = 0;
		};
		4E33314A2712DF6A00891D8A /* Sources */ = {
			isa = PBXSourcesBuildPhase;
			buildActionMask = 2147483647;
			files = (
				4E3331542712DF6A00891D8A /* FeatureATests.swift in Sources */,
			);
			runOnlyForDeploymentPostprocessing = 0;
		};
/* End PBXSourcesBuildPhase section */

/* Begin PBXTargetDependency section */
		4E3331512712DF6A00891D8A /* PBXTargetDependency */ = {
			isa = PBXTargetDependency;
			target = 4E3331442712DF6A00891D8A /* FeatureA */;
			targetProxy = 4E3331502712DF6A00891D8A /* PBXContainerItemProxy */;
		};
/* End PBXTargetDependency section */

/* Begin XCBuildConfiguration section */
		4E3331572712DF6A00891D8A /* Debug */ = {
			isa = XCBuildConfiguration;
			buildSettings = {
				ALWAYS_SEARCH_USER_PATHS = NO;
				CLANG_ANALYZER_NONNULL = YES;
				CLANG_ANALYZER_NUMBER_OBJECT_CONVERSION = YES_AGGRESSIVE;
				CLANG_CXX_LANGUAGE_STANDARD = "gnu++14";
				CLANG_CXX_LIBRARY = "libc++";
				CLANG_ENABLE_MODULES = YES;
				CLANG_ENABLE_OBJC_ARC = YES;
				CLANG_ENABLE_OBJC_WEAK = YES;
				CLANG_WARN_BLOCK_CAPTURE_AUTORELEASING = YES;
				CLANG_WARN_BOOL_CONVERSION = YES;
				CLANG_WARN_COMMA = YES;
				CLANG_WARN_CONSTANT_CONVERSION = YES;
				CLANG_WARN_DEPRECATED_OBJC_IMPLEMENTATIONS = YES;
				CLANG_WARN_DIRECT_OBJC_ISA_USAGE = YES_ERROR;
				CLANG_WARN_DOCUMENTATION_COMMENTS = YES;
				CLANG_WARN_EMPTY_BODY = YES;
				CLANG_WARN_ENUM_CONVERSION = YES;
				CLANG_WARN_INFINITE_RECURSION = YES;
				CLANG_WARN_INT_CONVERSION = YES;
				CLANG_WARN_NON_LITERAL_NULL_CONVERSION = YES;
				CLANG_WARN_OBJC_IMPLICIT_RETAIN_SELF = YES;
				CLANG_WARN_OBJC_LITERAL_CONVERSION = YES;
				CLANG_WARN_OBJC_ROOT_CLASS = YES_ERROR;
				CLANG_WARN_QUOTED_INCLUDE_IN_FRAMEWORK_HEADER = YES;
				CLANG_WARN_RANGE_LOOP_ANALYSIS = YES;
				CLANG_WARN_STRICT_PROTOTYPES = YES;
				CLANG_WARN_SUSPICIOUS_MOVE = YES;
				CLANG_WARN_UNGUARDED_AVAILABILITY = YES_AGGRESSIVE;
				CLANG_WARN_UNREACHABLE_CODE = YES;
				CLANG_WARN__DUPLICATE_METHOD_MATCH = YES;
				COPY_PHASE_STRIP = NO;
				CURRENT_PROJECT_VERSION = 1;
				DEBUG_INFORMATION_FORMAT = dwarf;
				ENABLE_STRICT_OBJC_MSGSEND = YES;
				ENABLE_TESTABILITY = YES;
				GCC_C_LANGUAGE_STANDARD = gnu11;
				GCC_DYNAMIC_NO_PIC = NO;
				GCC_NO_COMMON_BLOCKS = YES;
				GCC_OPTIMIZATION_LEVEL = 0;
				GCC_PREPROCESSOR_DEFINITIONS = (
					"DEBUG=1",
					"$(inherited)",
				);
				GCC_WARN_64_TO_32_BIT_CONVERSION = YES;
				GCC_WARN_ABOUT_RETURN_TYPE = YES_ERROR;
				GCC_WARN_UNDECLARED_SELECTOR = YES;
				GCC_WARN_UNINITIALIZED_AUTOS = YES_AGGRESSIVE;
				GCC_WARN_UNUSED_FUNCTION = YES;
				GCC_WARN_UNUSED_VARIABLE = YES;
				IPHONEOS_DEPLOYMENT_TARGET = 14.1;
				MTL_ENABLE_DEBUG_INFO = INCLUDE_SOURCE;
				MTL_FAST_MATH = YES;
				ONLY_ACTIVE_ARCH = YES;
				SDKROOT = iphoneos;
				SWIFT_ACTIVE_COMPILATION_CONDITIONS = DEBUG;
				SWIFT_OPTIMIZATION_LEVEL = "-Onone";
				VERSIONING_SYSTEM = "apple-generic";
				VERSION_INFO_PREFIX = "";
			};
			name = Debug;
		};
		4E3331582712DF6A00891D8A /* Release */ = {
			isa = XCBuildConfiguration;
			buildSettings = {
				ALWAYS_SEARCH_USER_PATHS = NO;
				CLANG_ANALYZER_NONNULL = YES;
				CLANG_ANALYZER_NUMBER_OBJECT_CONVERSION = YES_AGGRESSIVE;
				CLANG_CXX_LANGUAGE_STANDARD = "gnu++14";
				CLANG_CXX_LIBRARY = "libc++";
				CLANG_ENABLE_MODULES = YES;
				CLANG_ENABLE_OBJC_ARC = YES;
				CLANG_ENABLE_OBJC_WEAK = YES;
				CLANG_WARN_BLOCK_CAPTURE_AUTORELEASING = YES;
				CLANG_WARN_BOOL_CONVERSION = YES;
				CLANG_WARN_COMMA = YES;
				CLANG_WARN_CONSTANT_CONVERSION = YES;
				CLANG_WARN_DEPRECATED_OBJC_IMPLEMENTATIONS = YES;
				CLANG_WARN_DIRECT_OBJC_ISA_USAGE = YES_ERROR;
				CLANG_WARN_DOCUMENTATION_COMMENTS = YES;
				CLANG_WARN_EMPTY_BODY = YES;
				CLANG_WARN_ENUM_CONVERSION = YES;
				CLANG_WARN_INFINITE_RECURSION = YES;
				CLANG_WARN_INT_CONVERSION = YES;
				CLANG_WARN_NON_LITERAL_NULL_CONVERSION = YES;
				CLANG_WARN_OBJC_IMPLICIT_RETAIN_SELF = YES;
				CLANG_WARN_OBJC_LITERAL_CONVERSION = YES;
				CLANG_WARN_OBJC_ROOT_CLASS = YES_ERROR;
				CLANG_WARN_QUOTED_INCLUDE_IN_FRAMEWORK_HEADER = YES;
				CLANG_WARN_RANGE_LOOP_ANALYSIS = YES;
				CLANG_WARN_STRICT_PROTOTYPES = YES;
				CLANG_WARN_SUSPICIOUS_MOVE = YES;
				CLANG_WARN_UNGUARDED_AVAILABILITY = YES_AGGRESSIVE;
				CLANG_WARN_UNREACHABLE_CODE = YES;
				CLANG_WARN__DUPLICATE_METHOD_MATCH = YES;
				COPY_PHASE_STRIP = NO;
				CURRENT_PROJECT_VERSION = 1;
				DEBUG_INFORMATION_FORMAT = "dwarf-with-dsym";
				ENABLE_NS_ASSERTIONS = NO;
				ENABLE_STRICT_OBJC_MSGSEND = YES;
				GCC_C_LANGUAGE_STANDARD = gnu11;
				GCC_NO_COMMON_BLOCKS = YES;
				GCC_WARN_64_TO_32_BIT_CONVERSION = YES;
				GCC_WARN_ABOUT_RETURN_TYPE = YES_ERROR;
				GCC_WARN_UNDECLARED_SELECTOR = YES;
				GCC_WARN_UNINITIALIZED_AUTOS = YES_AGGRESSIVE;
				GCC_WARN_UNUSED_FUNCTION = YES;
				GCC_WARN_UNUSED_VARIABLE = YES;
				IPHONEOS_DEPLOYMENT_TARGET = 14.1;
				MTL_ENABLE_DEBUG_INFO = NO;
				MTL_FAST_MATH = YES;
				SDKROOT = iphoneos;
				SWIFT_COMPILATION_MODE = wholemodule;
				SWIFT_OPTIMIZATION_LEVEL = "-O";
				VALIDATE_PRODUCT = YES;
				VERSIONING_SYSTEM = "apple-generic";
				VERSION_INFO_PREFIX = "";
			};
			name = Release;
		};
		4E33315A2712DF6A00891D8A /* Debug */ = {
			isa = XCBuildConfiguration;
			baseConfigurationReference = 8262000443FD0938AA959FFB /* Pods-FeatureA.debug.xcconfig */;
			buildSettings = {
				CLANG_ENABLE_MODULES = YES;
				CODE_SIGN_STYLE = Automatic;
				DEFINES_MODULE = YES;
				DEVELOPMENT_TEAM = GRTSRG4CSY;
				DYLIB_COMPATIBILITY_VERSION = 1;
				DYLIB_CURRENT_VERSION = 1;
				DYLIB_INSTALL_NAME_BASE = "@rpath";
				INFOPLIST_FILE = FeatureA/Resources/Info.plist;
				INSTALL_PATH = "$(LOCAL_LIBRARY_DIR)/Frameworks";
				IPHONEOS_DEPLOYMENT_TARGET = 14.1;
				LD_RUNPATH_SEARCH_PATHS = (
					"$(inherited)",
					"@executable_path/Frameworks",
					"@loader_path/Frameworks",
				);
				PRODUCT_BUNDLE_IDENTIFIER = th.co.muze.FeatureA;
				PRODUCT_NAME = "$(TARGET_NAME:c99extidentifier)";
				SKIP_INSTALL = YES;
				SUPPORTS_MACCATALYST = NO;
				SWIFT_OPTIMIZATION_LEVEL = "-Onone";
				SWIFT_VERSION = 5.0;
				TARGETED_DEVICE_FAMILY = "1,2";
			};
			name = Debug;
		};
		4E33315B2712DF6A00891D8A /* Release */ = {
			isa = XCBuildConfiguration;
			baseConfigurationReference = F43D4599C330EF9DD36EC60C /* Pods-FeatureA.release.xcconfig */;
			buildSettings = {
				CLANG_ENABLE_MODULES = YES;
				CODE_SIGN_STYLE = Automatic;
				DEFINES_MODULE = YES;
				DEVELOPMENT_TEAM = GRTSRG4CSY;
				DYLIB_COMPATIBILITY_VERSION = 1;
				DYLIB_CURRENT_VERSION = 1;
				DYLIB_INSTALL_NAME_BASE = "@rpath";
				INFOPLIST_FILE = FeatureA/Resources/Info.plist;
				INSTALL_PATH = "$(LOCAL_LIBRARY_DIR)/Frameworks";
				IPHONEOS_DEPLOYMENT_TARGET = 14.1;
				LD_RUNPATH_SEARCH_PATHS = (
					"$(inherited)",
					"@executable_path/Frameworks",
					"@loader_path/Frameworks",
				);
				PRODUCT_BUNDLE_IDENTIFIER = th.co.muze.FeatureA;
				PRODUCT_NAME = "$(TARGET_NAME:c99extidentifier)";
				SKIP_INSTALL = YES;
				SUPPORTS_MACCATALYST = NO;
				SWIFT_VERSION = 5.0;
				TARGETED_DEVICE_FAMILY = "1,2";
			};
			name = Release;
		};
		4E33315D2712DF6A00891D8A /* Debug */ = {
			isa = XCBuildConfiguration;
			buildSettings = {
				ALWAYS_EMBED_SWIFT_STANDARD_LIBRARIES = YES;
				CODE_SIGN_STYLE = Automatic;
				DEVELOPMENT_TEAM = GRTSRG4CSY;
				INFOPLIST_FILE = FeatureATests/Info.plist;
				LD_RUNPATH_SEARCH_PATHS = (
					"$(inherited)",
					"@executable_path/Frameworks",
					"@loader_path/Frameworks",
				);
				PRODUCT_BUNDLE_IDENTIFIER = th.co.muze.FeatureATests;
				PRODUCT_NAME = "$(TARGET_NAME)";
				SWIFT_VERSION = 5.0;
				TARGETED_DEVICE_FAMILY = "1,2";
			};
			name = Debug;
		};
		4E33315E2712DF6A00891D8A /* Release */ = {
			isa = XCBuildConfiguration;
			buildSettings = {
				ALWAYS_EMBED_SWIFT_STANDARD_LIBRARIES = YES;
				CODE_SIGN_STYLE = Automatic;
				DEVELOPMENT_TEAM = GRTSRG4CSY;
				INFOPLIST_FILE = FeatureATests/Info.plist;
				LD_RUNPATH_SEARCH_PATHS = (
					"$(inherited)",
					"@executable_path/Frameworks",
					"@loader_path/Frameworks",
				);
				PRODUCT_BUNDLE_IDENTIFIER = th.co.muze.FeatureATests;
				PRODUCT_NAME = "$(TARGET_NAME)";
				SWIFT_VERSION = 5.0;
				TARGETED_DEVICE_FAMILY = "1,2";
			};
			name = Release;
		};
/* End XCBuildConfiguration section */

/* Begin XCConfigurationList section */
		4E33313F2712DF6A00891D8A /* Build configuration list for PBXProject "FeatureA" */ = {
			isa = XCConfigurationList;
			buildConfigurations = (
				4E3331572712DF6A00891D8A /* Debug */,
				4E3331582712DF6A00891D8A /* Release */,
			);
			defaultConfigurationIsVisible = 0;
			defaultConfigurationName = Release;
		};
		4E3331592712DF6A00891D8A /* Build configuration list for PBXNativeTarget "FeatureA" */ = {
			isa = XCConfigurationList;
			buildConfigurations = (
				4E33315A2712DF6A00891D8A /* Debug */,
				4E33315B2712DF6A00891D8A /* Release */,
			);
			defaultConfigurationIsVisible = 0;
			defaultConfigurationName = Release;
		};
		4E33315C2712DF6A00891D8A /* Build configuration list for PBXNativeTarget "FeatureATests" */ = {
			isa = XCConfigurationList;
			buildConfigurations = (
				4E33315D2712DF6A00891D8A /* Debug */,
				4E33315E2712DF6A00891D8A /* Release */,
			);
			defaultConfigurationIsVisible = 0;
			defaultConfigurationName = Release;
		};
/* End XCConfigurationList section */
	};
	rootObject = 4E33313C2712DF6A00891D8A /* Project object */;
}
